Microsoft Visual Studio Solution File, Format Version 8.00
Project("{FAE04EC0-301F-11D3-BF4B-00C04F79EFBC}") = "SadasSof.Aspects", "SadasSof.Aspects.csproj", "{8DAA7F92-5DDD-46DF-A969-6ADCA83D8805}"
	ProjectSection(ProjectDependencies) = postProject
	EndProjectSection
EndProject
Project("{FAE04EC0-301F-11D3-BF4B-00C04F79EFBC}") = "WinTestAspect", "..\WinTest\WinTestAspect.csproj", "{0B69D41C-3B81-4BAA-A313-5DFA49B97A2B}"
	ProjectSection(ProjectDependencies) = postProject
	EndProjectSection
EndProject
Project("{FAE04EC0-301F-11D3-BF4B-00C04F79EFBC}") = "WebTestAspects", "http://localhost/WebTestAspects/WebTestAspects.csproj", "{F1976AC9-48FB-4EEA-B5DE-2F14C37454A0}"
	ProjectSection(ProjectDependencies) = postProject
	EndProjectSection
EndProject
Global
	GlobalSection(SolutionConfiguration) = preSolution
		Debug = Debug
		Release = Release
	EndGlobalSection
	GlobalSection(ProjectConfiguration) = postSolution
		{8DAA7F92-5DDD-46DF-A969-6ADCA83D8805}.Debug.ActiveCfg = Debug|.NET
		{8DAA7F92-5DDD-46DF-A969-6ADCA83D8805}.Debug.Build.0 = Debug|.NET
		{8DAA7F92-5DDD-46DF-A969-6ADCA83D8805}.Release.ActiveCfg = Release|.NET
		{8DAA7F92-5DDD-46DF-A969-6ADCA83D8805}.Release.Build.0 = Release|.NET
		{0B69D41C-3B81-4BAA-A313-5DFA49B97A2B}.Debug.ActiveCfg = Debug|.NET
		{0B69D41C-3B81-4BAA-A313-5DFA49B97A2B}.Debug.Build.0 = Debug|.NET
		{0B69D41C-3B81-4BAA-A313-5DFA49B97A2B}.Release.ActiveCfg = Release|.NET
		{0B69D41C-3B81-4BAA-A313-5DFA49B97A2B}.Release.Build.0 = Release|.NET
		{F1976AC9-48FB-4EEA-B5DE-2F14C37454A0}.Debug.ActiveCfg = Debug|.NET
		{F1976AC9-48FB-4EEA-B5DE-2F14C37454A0}.Debug.Build.0 = Debug|.NET
		{F1976AC9-48FB-4EEA-B5DE-2F14C37454A0}.Release.ActiveCfg = Release|.NET
		{F1976AC9-48FB-4EEA-B5DE-2F14C37454A0}.Release.Build.0 = Release|.NET
	EndGlobalSection
	GlobalSection(ExtensibilityGlobals) = postSolution
	EndGlobalSection
	GlobalSection(ExtensibilityAddIns) = postSolution
	EndGlobalSection
EndGlobal
